<?xml version="1.0" encoding="utf-8"?>
<Project ToolsVersion="4.0" xmlns="http://schemas.microsoft.com/developer/msbuild/2003">
  <ItemGroup>
    <Filter Include="Source Files">
      <UniqueIdentifier>{4FC737F1-C7A5-4376-A066-2A32D752A2FF}</UniqueIdentifier>
      <Extensions>cpp;c;cc;cxx;def;odl;idl;hpj;bat;asm;asmx</Extensions>
    </Filter>
    <Filter Include="Header Files">
      <UniqueIdentifier>{93995380-89BD-4b04-88EB-625FBE52EBFB}</UniqueIdentifier>
      <Extensions>h;hh;hpp;hxx;hm;inl;inc;xsd</Extensions>
    </Filter>
    <Filter Include="Resource Files">
      <UniqueIdentifier>{67DA6AB6-F800-4c08-8B7A-83BB121AAD01}</UniqueIdentifier>
      <Extensions>rc;ico;cur;bmp;dlg;rc2;rct;bin;rgs;gif;jpg;jpeg;jpe;resx;tiff;tif;png;wav;mfcribbon-ms</Extensions>
    </Filter>
  </ItemGroup>
  <ItemGroup>
    <ClCompile Include="Programa.c">
      <Filter>Source Files</Filter>
    </ClCompile>
    <ClCompile Include="Array\ArrayStack.c">
      <Filter>Source Files</Filter>
    </ClCompile>
    <ClCompile Include="Array\ArrayQueue.c">
      <Filter>Source Files</Filter>
    </ClCompile>
    <ClCompile Include="Lists\LinkedList.c">
      <Filter>Source Files</Filter>
    </ClCompile>
    <ClCompile Include="Lists\DoublyLinkedList.c">
      <Filter>Source Files</Filter>
    </ClCompile>
    <ClCompile Include="Lists\CircleList.c">
      <Filter>Source Files</Filter>
    </ClCompile>
    <ClCompile Include="Vector\SortingAlgorithms.c">
      <Filter>Source Files</Filter>
    </ClCompile>
    <ClCompile Include="Vector\Vector.c">
      <Filter>Source Files</Filter>
    </ClCompile>
    <ClCompile Include="Stack\Stack.c">
      <Filter>Source Files</Filter>
    </ClCompile>
    <ClCompile Include="BinaryTrees\BinarySearchTree.c">
      <Filter>Source Files</Filter>
    </ClCompile>
    <ClCompile Include="BinaryTrees\AVLTree.c">
      <Filter>Source Files</Filter>
    </ClCompile>
    <ClCompile Include="Heap\Heap.c">
      <Filter>Source Files</Filter>
    </ClCompile>
    <ClCompile Include="Queues\Queue.c">
      <Filter>Source Files</Filter>
    </ClCompile>
    <ClCompile Include="Queues\Deque.c">
      <Filter>Source Files</Filter>
    </ClCompile>
    <ClCompile Include="Lists\SkipList.c">
      <Filter>Source Files</Filter>
    </ClCompile>
    <ClCompile Include="BinaryTrees\RedBlackTree.c">
      <Filter>Source Files</Filter>
    </ClCompile>
    <ClCompile Include="Array\ArrayList.c">
      <Filter>Source Files</Filter>
    </ClCompile>
    <ClCompile Include="Vector\SearchAlgorithms.c">
      <Filter>Source Files</Filter>
    </ClCompile>
    <ClCompile Include="Compression\RLE.c">
      <Filter>Source Files</Filter>
    </ClCompile>
    <ClCompile Include="Compression\Huffman.c">
      <Filter>Source Files</Filter>
    </ClCompile>
  </ItemGroup>
  <ItemGroup>
    <ClInclude Include="TAD.h">
      <Filter>Header Files</Filter>
    </ClInclude>
    <ClInclude Include="Array\ArrayStack.h">
      <Filter>Header Files</Filter>
    </ClInclude>
    <ClInclude Include="Array\ArrayQueue.h">
      <Filter>Header Files</Filter>
    </ClInclude>
    <ClInclude Include="Lists\LinkedList.h">
      <Filter>Header Files</Filter>
    </ClInclude>
    <ClInclude Include="Lists\DoublyLinkedList.h">
      <Filter>Header Files</Filter>
    </ClInclude>
    <ClInclude Include="Lists\CircleList.h">
      <Filter>Header Files</Filter>
    </ClInclude>
    <ClInclude Include="Graphs\Graph.h">
      <Filter>Header Files</Filter>
    </ClInclude>
    <ClInclude Include="Vector\SortingAlgorithms.h">
      <Filter>Header Files</Filter>
    </ClInclude>
    <ClInclude Include="Vector\Vector.h">
      <Filter>Header Files</Filter>
    </ClInclude>
    <ClInclude Include="Stack\Stack.h">
      <Filter>Header Files</Filter>
    </ClInclude>
    <ClInclude Include="BinaryTrees\BinarySearchTree.h">
      <Filter>Header Files</Filter>
    </ClInclude>
    <ClInclude Include="BinaryTrees\AVLTree.h">
      <Filter>Header Files</Filter>
    </ClInclude>
    <ClInclude Include="Heap\Heap.h">
      <Filter>Header Files</Filter>
    </ClInclude>
    <ClInclude Include="Queues\Queue.h">
      <Filter>Header Files</Filter>
    </ClInclude>
    <ClInclude Include="Queues\Deque.h">
      <Filter>Header Files</Filter>
    </ClInclude>
    <ClInclude Include="Lists\SkipList.h">
      <Filter>Header Files</Filter>
    </ClInclude>
    <ClInclude Include="BinaryTrees\RedBlackTree.h">
      <Filter>Header Files</Filter>
    </ClInclude>
    <ClInclude Include="Array\ArrayList.h">
      <Filter>Header Files</Filter>
    </ClInclude>
    <ClInclude Include="Vector\SearchAlgorithms.h">
      <Filter>Header Files</Filter>
    </ClInclude>
    <ClInclude Include="Compression\RLE.h">
      <Filter>Header Files</Filter>
    </ClInclude>
    <ClInclude Include="Compression\Huffman.h">
      <Filter>Header Files</Filter>
    </ClInclude>
    <ClInclude Include="Compression\StringUtilities.c">
      <Filter>Header Files</Filter>
    </ClInclude>
    <ClInclude Include="Compression\StringUtilities.h">
      <Filter>Header Files</Filter>
    </ClInclude>
  </ItemGroup>
</Project>