<?xml version="1.0" encoding="utf-8"?>
<Project ToolsVersion="4.0" xmlns="http://schemas.microsoft.com/developer/msbuild/2003">
  <ItemGroup>
    <Filter Include="Source Files">
      <UniqueIdentifier>{4FC737F1-C7A5-4376-A066-2A32D752A2FF}</UniqueIdentifier>
      <Extensions>cpp;c;cc;cxx;def;odl;idl;hpj;bat;asm;asmx</Extensions>
    </Filter>
    <Filter Include="Header Files">
      <UniqueIdentifier>{93995380-89BD-4b04-88EB-625FBE52EBFB}</UniqueIdentifier>
      <Extensions>h;hh;hpp;hxx;hm;inl;inc;xsd</Extensions>
    </Filter>
    <Filter Include="Resource Files">
      <UniqueIdentifier>{67DA6AB6-F800-4c08-8B7A-83BB121AAD01}</UniqueIdentifier>
      <Extensions>rc;ico;cur;bmp;dlg;rc2;rct;bin;rgs;gif;jpg;jpeg;jpe;resx;tiff;tif;png;wav;mfcribbon-ms</Extensions>
    </Filter>
  </ItemGroup>
  <ItemGroup>
    <Text Include="ReadMe.txt" />
    <Text Include="..\..\DSProject\DSProject\DSProject\Information.txt" />
  </ItemGroup>
  <ItemGroup>
    <ClCompile Include="..\..\DSProject\DSProject\DSProject\ArrayQueue.c">
      <Filter>Source Files</Filter>
    </ClCompile>
    <ClCompile Include="..\..\DSProject\DSProject\DSProject\ArrayStack.c">
      <Filter>Source Files</Filter>
    </ClCompile>
    <ClCompile Include="..\..\DSProject\DSProject\DSProject\AVLTree.c">
      <Filter>Source Files</Filter>
    </ClCompile>
    <ClCompile Include="..\..\DSProject\DSProject\DSProject\BinarySearchTree.c">
      <Filter>Source Files</Filter>
    </ClCompile>
    <ClCompile Include="..\..\DSProject\DSProject\DSProject\CircleList.c">
      <Filter>Source Files</Filter>
    </ClCompile>
    <ClCompile Include="..\..\DSProject\DSProject\DSProject\DoublyLinkedList.c">
      <Filter>Source Files</Filter>
    </ClCompile>
    <ClCompile Include="..\..\DSProject\DSProject\DSProject\Heap.c">
      <Filter>Source Files</Filter>
    </ClCompile>
    <ClCompile Include="..\..\DSProject\DSProject\DSProject\LinkedList.c">
      <Filter>Source Files</Filter>
    </ClCompile>
    <ClCompile Include="..\..\DSProject\DSProject\DSProject\Programa.c">
      <Filter>Source Files</Filter>
    </ClCompile>
    <ClCompile Include="..\..\DSProject\DSProject\DSProject\Queue.c">
      <Filter>Source Files</Filter>
    </ClCompile>
    <ClCompile Include="..\..\DSProject\DSProject\DSProject\SortingAlgorithms.c">
      <Filter>Source Files</Filter>
    </ClCompile>
    <ClCompile Include="..\..\DSProject\DSProject\DSProject\Stack.c">
      <Filter>Source Files</Filter>
    </ClCompile>
    <ClCompile Include="..\..\DSProject\DSProject\DSProject\Vector.c">
      <Filter>Source Files</Filter>
    </ClCompile>
  </ItemGroup>
  <ItemGroup>
    <ClInclude Include="..\..\DSProject\DSProject\DSProject\ArrayQueue.h">
      <Filter>Header Files</Filter>
    </ClInclude>
    <ClInclude Include="..\..\DSProject\DSProject\DSProject\ArrayStack.h">
      <Filter>Header Files</Filter>
    </ClInclude>
    <ClInclude Include="..\..\DSProject\DSProject\DSProject\AVLTree.h">
      <Filter>Header Files</Filter>
    </ClInclude>
    <ClInclude Include="..\..\DSProject\DSProject\DSProject\BinarySearchTree.h">
      <Filter>Header Files</Filter>
    </ClInclude>
    <ClInclude Include="..\..\DSProject\DSProject\DSProject\CircleList.h">
      <Filter>Header Files</Filter>
    </ClInclude>
    <ClInclude Include="..\..\DSProject\DSProject\DSProject\DoublyLinkedList.h">
      <Filter>Header Files</Filter>
    </ClInclude>
    <ClInclude Include="..\..\DSProject\DSProject\DSProject\Graph.h">
      <Filter>Header Files</Filter>
    </ClInclude>
    <ClInclude Include="..\..\DSProject\DSProject\DSProject\Heap.h">
      <Filter>Header Files</Filter>
    </ClInclude>
    <ClInclude Include="..\..\DSProject\DSProject\DSProject\LinkedList.h">
      <Filter>Header Files</Filter>
    </ClInclude>
    <ClInclude Include="..\..\DSProject\DSProject\DSProject\Queue.h">
      <Filter>Header Files</Filter>
    </ClInclude>
    <ClInclude Include="..\..\DSProject\DSProject\DSProject\SortingAlgorithms.h">
      <Filter>Header Files</Filter>
    </ClInclude>
    <ClInclude Include="..\..\DSProject\DSProject\DSProject\Stack.h">
      <Filter>Header Files</Filter>
    </ClInclude>
    <ClInclude Include="..\..\DSProject\DSProject\DSProject\TAD.h">
      <Filter>Header Files</Filter>
    </ClInclude>
    <ClInclude Include="..\..\DSProject\DSProject\DSProject\Vector.h">
      <Filter>Header Files</Filter>
    </ClInclude>
  </ItemGroup>
</Project>